{
  "name": "voice",
  "lockfileVersion": 3,
  "requires": true,
  "packages": {
    "": {
      "dependencies": {
        "siriwave": "^2.4.0"
      }
    },
    "node_modules/siriwave": {
      "version": "2.4.0",
      "resolved": "https://registry.npmjs.org/siriwave/-/siriwave-2.4.0.tgz",
      "integrity": "sha512-J9X/URPuwXw800mJnnTnEIaDn2n9ZXWEX827oRdIGMwOtFi2FF5Xet2ifQhXFLx7/SYmEQ2UOxtUZP6bUkNqeQ==",
      "license": "MIT"
    }
  }
}
